
Microsoft Visual Studio Solution File, Format Version 12.00
# Visual Studio Version 16
VisualStudioVersion = 16.0.31025.194
MinimumVisualStudioVersion = 10.0.40219.1
Project("{9A19103F-16F7-4668-BE54-9A1E7A4F7556}") = "UptoboxApi", "UptoboxApi\UptoboxApi.csproj", "{61239BC9-1E99-4F27-BD48-BCAD75CC45B4}"
EndProject
Project("{FAE04EC0-301F-11D3-BF4B-00C04F79EFBC}") = "UptoboxApiTests", "UptoboxApiTests\UptoboxApiTests.csproj", "{2243F453-8DD2-4EC6-A233-82B7EFA099B0}"
EndProject
Global
	GlobalSection(SolutionConfigurationPlatforms) = preSolution
		Debug|Any CPU = Debug|Any CPU
		Release|Any CPU = Release|Any CPU
	EndGlobalSection
	GlobalSection(ProjectConfigurationPlatforms) = postSolution
		{61239BC9-1E99-4F27-BD48-BCAD75CC45B4}.Debug|Any CPU.ActiveCfg = Debug|Any CPU
		{61239BC9-1E99-4F27-BD48-BCAD75CC45B4}.Debug|Any CPU.Build.0 = Debug|Any CPU
		{61239BC9-1E99-4F27-BD48-BCAD75CC45B4}.Release|Any CPU.ActiveCfg = Release|Any CPU
		{61239BC9-1E99-4F27-BD48-BCAD75CC45B4}.Release|Any CPU.Build.0 = Release|Any CPU
		{2243F453-8DD2-4EC6-A233-82B7EFA099B0}.Debug|Any CPU.ActiveCfg = Debug|Any CPU
		{2243F453-8DD2-4EC6-A233-82B7EFA099B0}.Debug|Any CPU.Build.0 = Debug|Any CPU
		{2243F453-8DD2-4EC6-A233-82B7EFA099B0}.Release|Any CPU.ActiveCfg = Release|Any CPU
		{2243F453-8DD2-4EC6-A233-82B7EFA099B0}.Release|Any CPU.Build.0 = Release|Any CPU
	EndGlobalSection
	GlobalSection(SolutionProperties) = preSolution
		HideSolutionNode = FALSE
	EndGlobalSection
	GlobalSection(ExtensibilityGlobals) = postSolution
		SolutionGuid = {018C5702-DB7E-4A4F-8B0B-E5A87E399371}
	EndGlobalSection
EndGlobal
